Microsoft Visual Studio Solution File, Format Version 12.00
# Visual Studio Version 17
VisualStudioVersion = 17.9.34714.143
MinimumVisualStudioVersion = 10.0.40219.1
Project("{9A19103F-16F7-4668-BE54-9A1E7A4F7556}") = "MessagingStandards", "MessagingStandards\MessagingStandards.csproj", "{9ED1A868-1F30-49F6-B0FA-01611191FD0B}"
EndProject
Project("{9A19103F-16F7-4668-BE54-9A1E7A4F7556}") = "MessagingStandards.Entities", "MessagingStandards.Entities\MessagingStandards.Entities.csproj", "{4B33ACB8-AF21-4664-AB97-FE3880059318}"
EndProject
Project("{FAE04EC0-301F-11D3-BF4B-00C04F79EFBC}") = "Tests", "Tests\Tests.csproj", "{423F2354-3003-4481-B0BF-88DD2975A03A}"
EndProject
Global
	GlobalSection(SolutionConfigurationPlatforms) = preSolution
		Debug|Any CPU = Debug|Any CPU
		Release|Any CPU = Release|Any CPU
	EndGlobalSection
	GlobalSection(ProjectConfigurationPlatforms) = postSolution
		{9ED1A868-1F30-49F6-B0FA-01611191FD0B}.Debug|Any CPU.ActiveCfg = Debug|Any CPU
		{9ED1A868-1F30-49F6-B0FA-01611191FD0B}.Debug|Any CPU.Build.0 = Debug|Any CPU
		{9ED1A868-1F30-49F6-B0FA-01611191FD0B}.Release|Any CPU.ActiveCfg = Release|Any CPU
		{9ED1A868-1F30-49F6-B0FA-01611191FD0B}.Release|Any CPU.Build.0 = Release|Any CPU
		{4B33ACB8-AF21-4664-AB97-FE3880059318}.Debug|Any CPU.ActiveCfg = Debug|Any CPU
		{4B33ACB8-AF21-4664-AB97-FE3880059318}.Debug|Any CPU.Build.0 = Debug|Any CPU
		{4B33ACB8-AF21-4664-AB97-FE3880059318}.Release|Any CPU.ActiveCfg = Release|Any CPU
		{4B33ACB8-AF21-4664-AB97-FE3880059318}.Release|Any CPU.Build.0 = Release|Any CPU
		{423F2354-3003-4481-B0BF-88DD2975A03A}.Debug|Any CPU.ActiveCfg = Debug|Any CPU
		{423F2354-3003-4481-B0BF-88DD2975A03A}.Debug|Any CPU.Build.0 = Debug|Any CPU
		{423F2354-3003-4481-B0BF-88DD2975A03A}.Release|Any CPU.ActiveCfg = Release|Any CPU
		{423F2354-3003-4481-B0BF-88DD2975A03A}.Release|Any CPU.Build.0 = Release|Any CPU
	EndGlobalSection
	GlobalSection(SolutionProperties) = preSolution
		HideSolutionNode = FALSE
	EndGlobalSection
	GlobalSection(ExtensibilityGlobals) = postSolution
		SolutionGuid = {C152D236-843A-46F6-BB7C-915EE811F65E}
	EndGlobalSection
EndGlobal
